
Microsoft Visual Studio Solution File, Format Version 12.00
# Visual Studio Version 17
VisualStudioVersion = 17.7.34031.279
MinimumVisualStudioVersion = 10.0.40219.1
Project("{FAE04EC0-301F-11D3-BF4B-00C04F79EFBC}") = "PhotoUploader", "PhotoUploader.csproj", "{F59B6BFB-5B7B-477C-9CDC-8AF3349DC6CD}"
EndProject
Global
	GlobalSection(SolutionConfigurationPlatforms) = preSolution
		Debug|Any CPU = Debug|Any CPU
		Release|Any CPU = Release|Any CPU
	EndGlobalSection
	GlobalSection(ProjectConfigurationPlatforms) = postSolution
		{F59B6BFB-5B7B-477C-9CDC-8AF3349DC6CD}.Debug|Any CPU.ActiveCfg = Debug|Any CPU
		{F59B6BFB-5B7B-477C-9CDC-8AF3349DC6CD}.Debug|Any CPU.Build.0 = Debug|Any CPU
		{F59B6BFB-5B7B-477C-9CDC-8AF3349DC6CD}.Release|Any CPU.ActiveCfg = Release|Any CPU
		{F59B6BFB-5B7B-477C-9CDC-8AF3349DC6CD}.Release|Any CPU.Build.0 = Release|Any CPU
	EndGlobalSection
	GlobalSection(SolutionProperties) = preSolution
		HideSolutionNode = FALSE
	EndGlobalSection
	GlobalSection(ExtensibilityGlobals) = postSolution
		SolutionGuid = {71E7777C-7E85-472A-9681-079C3FD73F18}
	EndGlobalSection
EndGlobal
